// !$*UTF8*$!
{
	archiveVersion = 1;
	classes = {
	};
	objectVersion = 55;
	objects = {

/* Begin PBXBuildFile section */
		132A364E26A966F200FD5FD2 /* Assets.xcassets in Resources */ = {isa = PBXBuildFile; fileRef = 13793AD626A881BD00850371 /* Assets.xcassets */; };
		13793AA926A434F800850371 /* AppDelegate.swift in Sources */ = {isa = PBXBuildFile; fileRef = 13793AA826A434F800850371 /* AppDelegate.swift */; };
		13793AAB26A434F800850371 /* SceneDelegate.swift in Sources */ = {isa = PBXBuildFile; fileRef = 13793AAA26A434F800850371 /* SceneDelegate.swift */; };
		13793AAD26A434F800850371 /* ViewController.swift in Sources */ = {isa = PBXBuildFile; fileRef = 13793AAC26A434F800850371 /* ViewController.swift */; };
		13793AB026A434F800850371 /* Main.storyboard in Resources */ = {isa = PBXBuildFile; fileRef = 13793AAE26A434F800850371 /* Main.storyboard */; };
		13793AB526A434FC00850371 /* LaunchScreen.storyboard in Resources */ = {isa = PBXBuildFile; fileRef = 13793AB326A434FC00850371 /* LaunchScreen.storyboard */; };
		13793AC026A434FC00850371 /* music_appTests.swift in Sources */ = {isa = PBXBuildFile; fileRef = 13793ABF26A434FC00850371 /* music_appTests.swift */; };
		13793ACA26A434FC00850371 /* music_appUITests.swift in Sources */ = {isa = PBXBuildFile; fileRef = 13793AC926A434FC00850371 /* music_appUITests.swift */; };
/* End PBXBuildFile section */

/* Begin PBXContainerItemProxy section */
		13793ABC26A434FC00850371 /* PBXContainerItemProxy */ = {
			isa = PBXContainerItemProxy;
			containerPortal = 13793A9D26A434F800850371 /* Project object */;
			proxyType = 1;
			remoteGlobalIDString = 13793AA426A434F800850371;
			remoteInfo = "music app";
		};
		13793AC626A434FC00850371 /* PBXContainerItemProxy */ = {
			isa = PBXContainerItemProxy;
			containerPortal = 13793A9D26A434F800850371 /* Project object */;
			proxyType = 1;
			remoteGlobalIDString = 13793AA426A434F800850371;
			remoteInfo = "music app";
		};
/* End PBXContainerItemProxy section */

/* Begin PBXFileReference section */
		13793AA526A434F800850371 /* music app.app */ = {isa = PBXFileReference; explicitFileType = wrapper.application; includeInIndex = 0; path = "music app.app"; sourceTree = BUILT_PRODUCTS_DIR; };
		13793AA826A434F800850371 /* AppDelegate.swift */ = {isa = PBXFileReference; lastKnownFileType = sourcecode.swift; path = AppDelegate.swift; sourceTree = "<group>"; };
		13793AAA26A434F800850371 /* SceneDelegate.swift */ = {isa = PBXFileReference; lastKnownFileType = sourcecode.swift; path = SceneDelegate.swift; sourceTree = "<group>"; };
		13793AAC26A434F800850371 /* ViewController.swift */ = {isa = PBXFileReference; lastKnownFileType = sourcecode.swift; path = ViewController.swift; sourceTree = "<group>"; };
		13793AAF26A434F800850371 /* Base */ = {isa = PBXFileReference; lastKnownFileType = file.storyboard; name = Base; path = Base.lproj/Main.storyboard; sourceTree = "<group>"; };
		13793AB426A434FC00850371 /* Base */ = {isa = PBXFileReference; lastKnownFileType = file.storyboard; name = Base; path = Base.lproj/LaunchScreen.storyboard; sourceTree = "<group>"; };
		13793AB626A434FC00850371 /* Info.plist */ = {isa = PBXFileReference; lastKnownFileType = text.plist.xml; path = Info.plist; sourceTree = "<group>"; };
		13793ABB26A434FC00850371 /* music appTests.xctest */ = {isa = PBXFileReference; explicitFileType = wrapper.cfbundle; includeInIndex = 0; path = "music appTests.xctest"; sourceTree = BUILT_PRODUCTS_DIR; };
		13793ABF26A434FC00850371 /* music_appTests.swift */ = {isa = PBXFileReference; lastKnownFileType = sourcecode.swift; path = music_appTests.swift; sourceTree = "<group>"; };
		13793AC526A434FC00850371 /* music appUITests.xctest */ = {isa = PBXFileReference; explicitFileType = wrapper.cfbundle; includeInIndex = 0; path = "music appUITests.xctest"; sourceTree = BUILT_PRODUCTS_DIR; };
		13793AC926A434FC00850371 /* music_appUITests.swift */ = {isa = PBXFileReference; lastKnownFileType = sourcecode.swift; path = music_appUITests.swift; sourceTree = "<group>"; };
		13793AD626A881BD00850371 /* Assets.xcassets */ = {isa = PBXFileReference; lastKnownFileType = folder.assetcatalog; path = Assets.xcassets; sourceTree = "<group>"; };
/* End PBXFileReference section */

/* Begin PBXFrameworksBuildPhase section */
		13793AA226A434F800850371 /* Frameworks */ = {
			isa = PBXFrameworksBuildPhase;
			buildActionMask = 2147483647;
			files = (
			);
			runOnlyForDeploymentPostprocessing = 0;
		};
		13793AB826A434FC00850371 /* Frameworks */ = {
			isa = PBXFrameworksBuildPhase;
			buildActionMask = 2147483647;
			files = (
			);
			runOnlyForDeploymentPostprocessing = 0;
		};
		13793AC226A434FC00850371 /* Frameworks */ = {
			isa = PBXFrameworksBuildPhase;
			buildActionMask = 2147483647;
			files = (
			);
			runOnlyForDeploymentPostprocessing = 0;
		};
/* End PBXFrameworksBuildPhase section */

/* Begin PBXGroup section */
		13793A9C26A434F800850371 = {
			isa = PBXGroup;
			children = (
				13793AA726A434F800850371 /* music app */,
				13793ABE26A434FC00850371 /* music appTests */,
				13793AC826A434FC00850371 /* music appUITests */,
				13793AA626A434F800850371 /* Products */,
			);
			sourceTree = "<group>";
		};
		13793AA626A434F800850371 /* Products */ = {
			isa = PBXGroup;
			children = (
				13793AA526A434F800850371 /* music app.app */,
				13793ABB26A434FC00850371 /* music appTests.xctest */,
				13793AC526A434FC00850371 /* music appUITests.xctest */,
			);
			name = Products;
			sourceTree = "<group>";
		};
		13793AA726A434F800850371 /* music app */ = {
			isa = PBXGroup;
			children = (
				13793AA826A434F800850371 /* AppDelegate.swift */,
				13793AAA26A434F800850371 /* SceneDelegate.swift */,
				13793AAC26A434F800850371 /* ViewController.swift */,
				13793AAE26A434F800850371 /* Main.storyboard */,
				13793AD626A881BD00850371 /* Assets.xcassets */,
				13793AB326A434FC00850371 /* LaunchScreen.storyboard */,
				13793AB626A434FC00850371 /* Info.plist */,
			);
			path = "music app";
			sourceTree = "<group>";
		};
		13793ABE26A434FC00850371 /* music appTests */ = {
			isa = PBXGroup;
			children = (
				13793ABF26A434FC00850371 /* music_appTests.swift */,
			);
			path = "music appTests";
			sourceTree = "<group>";
		};
		13793AC826A434FC00850371 /* music appUITests */ = {
			isa = PBXGroup;
			children = (
				13793AC926A434FC00850371 /* music_appUITests.swift */,
			);
			path = "music appUITests";
			sourceTree = "<group>";
		};
/* End PBXGroup section */

/* Begin PBXNativeTarget section */
		13793AA426A434F800850371 /* music app */ = {
			isa = PBXNativeTarget;
			buildConfigurationList = 13793ACD26A434FC00850371 /* Build configuration list for PBXNativeTarget "music app" */;
			buildPhases = (
				13793AA126A434F800850371 /* Sources */,
				13793AA226A434F800850371 /* Frameworks */,
				13793AA326A434F800850371 /* Resources */,
			);
			buildRules = (
			);
			dependencies = (
			);
			name = "music app";
			productName = "music app";
			productReference = 13793AA526A434F800850371 /* music app.app */;
			productType = "com.apple.product-type.application";
		};
		13793ABA26A434FC00850371 /* music appTests */ = {
			isa = PBXNativeTarget;
			buildConfigurationList = 13793AD026A434FC00850371 /* Build configuration list for PBXNativeTarget "music appTests" */;
			buildPhases = (
				13793AB726A434FC00850371 /* Sources */,
				13793AB826A434FC00850371 /* Frameworks */,
				13793AB926A434FC00850371 /* Resources */,
			);
			buildRules = (
			);
			dependencies = (
				13793ABD26A434FC00850371 /* PBXTargetDependency */,
			);
			name = "music appTests";
			productName = "music appTests";
			productReference = 13793ABB26A434FC00850371 /* music appTests.xctest */;
			productType = "com.apple.product-type.bundle.unit-test";
		};
		13793AC426A434FC00850371 /* music appUITests */ = {
			isa = PBXNativeTarget;
			buildConfigurationList = 13793AD326A434FC00850371 /* Build configuration list for PBXNativeTarget "music appUITests" */;
			buildPhases = (
				13793AC126A434FC00850371 /* Sources */,
				13793AC226A434FC00850371 /* Frameworks */,
				13793AC326A434FC00850371 /* Resources */,
			);
			buildRules = (
			);
			dependencies = (
				13793AC726A434FC00850371 /* PBXTargetDependency */,
			);
			name = "music appUITests";
			productName = "music appUITests";
			productReference = 13793AC526A434FC00850371 /* music appUITests.xctest */;
			productType = "com.apple.product-type.bundle.ui-testing";
		};
/* End PBXNativeTarget section */

/* Begin PBXProject section */
		13793A9D26A434F800850371 /* Project object */ = {
			isa = PBXProject;
			attributes = {
				BuildIndependentTargetsInParallel = 1;
				LastSwiftUpdateCheck = 1300;
				LastUpgradeCheck = 1300;
				TargetAttributes = {
					13793AA426A434F800850371 = {
						CreatedOnToolsVersion = 13.0;
					};
					13793ABA26A434FC00850371 = {
						CreatedOnToolsVersion = 13.0;
						TestTargetID = 13793AA426A434F800850371;
					};
					13793AC426A434FC00850371 = {
						CreatedOnToolsVersion = 13.0;
						TestTargetID = 13793AA426A434F800850371;
					};
				};
			};
			buildConfigurationList = 13793AA026A434F800850371 /* Build configuration list for PBXProject "music app" */;
			compatibilityVersion = "Xcode 13.0";
			developmentRegion = en;
			hasScannedForEncodings = 0;
			knownRegions = (
				en,
				Base,
			);
			mainGroup = 13793A9C26A434F800850371;
			productRefGroup = 13793AA626A434F800850371 /* Products */;
			projectDirPath = "";
			projectRoot = "";
			targets = (
				13793AA426A434F800850371 /* music app */,
				13793ABA26A434FC00850371 /* music appTests */,
				13793AC426A434FC00850371 /* music appUITests */,
			);
		};
/* End PBXProject section */

/* Begin PBXResourcesBuildPhase section */
		13793AA326A434F800850371 /* Resources */ = {
			isa = PBXResourcesBuildPhase;
			buildActionMask = 2147483647;
			files = (
				13793AB526A434FC00850371 /* LaunchScreen.storyboard in Resources */,
				132A364E26A966F200FD5FD2 /* Assets.xcassets in Resources */,
				13793AB026A434F800850371 /* Main.storyboard in Resources */,
			);
			runOnlyForDeploymentPostprocessing = 0;
		};
		13793AB926A434FC00850371 /* Resources */ = {
			isa = PBXResourcesBuildPhase;
			buildActionMask = 2147483647;
			files = (
			);
			runOnlyForDeploymentPostprocessing = 0;
		};
		13793AC326A434FC00850371 /* Resources */ = {
			isa = PBXResourcesBuildPhase;
			buildActionMask = 2147483647;
			files = (
			);
			runOnlyForDeploymentPostprocessing = 0;
		};
/* End PBXResourcesBuildPhase section */

/* Begin PBXSourcesBuildPhase section */
		13793AA126A434F800850371 /* Sources */ = {
			isa = PBXSourcesBuildPhase;
			buildActionMask = 2147483647;
			files = (
				13793AAD26A434F800850371 /* ViewController.swift in Sources */,
				13793AA926A434F800850371 /* AppDelegate.swift in Sources */,
				13793AAB26A434F800850371 /* SceneDelegate.swift in Sources */,
			);
			runOnlyForDeploymentPostprocessing = 0;
		};
		13793AB726A434FC00850371 /* Sources */ = {
			isa = PBXSourcesBuildPhase;
			buildActionMask = 2147483647;
			files = (
				13793AC026A434FC00850371 /* music_appTests.swift in Sources */,
			);
			runOnlyForDeploymentPostprocessing = 0;
		};
		13793AC126A434FC00850371 /* Sources */ = {
			isa = PBXSourcesBuildPhase;
			buildActionMask = 2147483647;
			files = (
				13793ACA26A434FC00850371 /* music_appUITests.swift in Sources */,
			);
			runOnlyForDeploymentPostprocessing = 0;
		};
/* End PBXSourcesBuildPhase section */

/* Begin PBXTargetDependency section */
		13793ABD26A434FC00850371 /* PBXTargetDependency */ = {
			isa = PBXTargetDependency;
			target = 13793AA426A434F800850371 /* music app */;
			targetProxy = 13793ABC26A434FC00850371 /* PBXContainerItemProxy */;
		};
		13793AC726A434FC00850371 /* PBXTargetDependency */ = {
			isa = PBXTargetDependency;
			target = 13793AA426A434F800850371 /* music app */;
			targetProxy = 13793AC626A434FC00850371 /* PBXContainerItemProxy */;
		};
/* End PBXTargetDependency section */

/* Begin PBXVariantGroup section */
		13793AAE26A434F800850371 /* Main.storyboard */ = {
			isa = PBXVariantGroup;
			children = (
				13793AAF26A434F800850371 /* Base */,
			);
			name = Main.storyboard;
			sourceTree = "<group>";
		};
		13793AB326A434FC00850371 /* LaunchScreen.storyboard */ = {
			isa = PBXVariantGroup;
			children = (
				13793AB426A434FC00850371 /* Base */,
			);
			name = LaunchScreen.storyboard;
			sourceTree = "<group>";
		};
/* End PBXVariantGroup section */

/* Begin XCBuildConfiguration section */
		13793ACB26A434FC00850371 /* Debug */ = {
			isa = XCBuildConfiguration;
			buildSettings = {
				ALWAYS_SEARCH_USER_PATHS = NO;
				CLANG_ANALYZER_NONNULL = YES;
				CLANG_ANALYZER_NUMBER_OBJECT_CONVERSION = YES_AGGRESSIVE;
				CLANG_CXX_LANGUAGE_STANDARD = "gnu++14";
				CLANG_CXX_LIBRARY = "libc++";
				CLANG_ENABLE_MODULES = YES;
				CLANG_ENABLE_OBJC_ARC = YES;
				CLANG_ENABLE_OBJC_WEAK = YES;
				CLANG_WARN_BLOCK_CAPTURE_AUTORELEASING = YES;
				CLANG_WARN_BOOL_CONVERSION = YES;
				CLANG_WARN_COMMA = YES;
				CLANG_WARN_CONSTANT_CONVERSION = YES;
				CLANG_WARN_DEPRECATED_OBJC_IMPLEMENTATIONS = YES;
				CLANG_WARN_DIRECT_OBJC_ISA_USAGE = YES_ERROR;
				CLANG_WARN_DOCUMENTATION_COMMENTS = YES;
				CLANG_WARN_EMPTY_BODY = YES;
				CLANG_WARN_ENUM_CONVERSION = YES;
				CLANG_WARN_INFINITE_RECURSION = YES;
				CLANG_WARN_INT_CONVERSION = YES;
				CLANG_WARN_NON_LITERAL_NULL_CONVERSION = YES;
				CLANG_WARN_OBJC_IMPLICIT_RETAIN_SELF = YES;
				CLANG_WARN_OBJC_LITERAL_CONVERSION = YES;
				CLANG_WARN_OBJC_ROOT_CLASS = YES_ERROR;
				CLANG_WARN_QUOTED_INCLUDE_IN_FRAMEWORK_HEADER = YES;
				CLANG_WARN_RANGE_LOOP_ANALYSIS = YES;
				CLANG_WARN_STRICT_PROTOTYPES = YES;
				CLANG_WARN_SUSPICIOUS_MOVE = YES;
				CLANG_WARN_UNGUARDED_AVAILABILITY = YES_AGGRESSIVE;
				CLANG_WARN_UNREACHABLE_CODE = YES;
				CLANG_WARN__DUPLICATE_METHOD_MATCH = YES;
				COPY_PHASE_STRIP = NO;
				DEBUG_INFORMATION_FORMAT = dwarf;
				ENABLE_STRICT_OBJC_MSGSEND = YES;
				ENABLE_TESTABILITY = YES;
				GCC_C_LANGUAGE_STANDARD = gnu11;
				GCC_DYNAMIC_NO_PIC = NO;
				GCC_NO_COMMON_BLOCKS = YES;
				GCC_OPTIMIZATION_LEVEL = 0;
				GCC_PREPROCESSOR_DEFINITIONS = (
					"DEBUG=1",
					"$(inherited)",
				);
				GCC_WARN_64_TO_32_BIT_CONVERSION = YES;
				GCC_WARN_ABOUT_RETURN_TYPE = YES_ERROR;
				GCC_WARN_UNDECLARED_SELECTOR = YES;
				GCC_WARN_UNINITIALIZED_AUTOS = YES_AGGRESSIVE;
				GCC_WARN_UNUSED_FUNCTION = YES;
				GCC_WARN_UNUSED_VARIABLE = YES;
				IPHONEOS_DEPLOYMENT_TARGET = 15.0;
				MTL_ENABLE_DEBUG_INFO = INCLUDE_SOURCE;
				MTL_FAST_MATH = YES;
				ONLY_ACTIVE_ARCH = YES;
				SDKROOT = iphoneos;
				SWIFT_ACTIVE_COMPILATION_CONDITIONS = DEBUG;
				SWIFT_OPTIMIZATION_LEVEL = "-Onone";
			};
			name = Debug;
		};
		13793ACC26A434FC00850371 /* Release */ = {
			isa = XCBuildConfiguration;
			buildSettings = {
				ALWAYS_SEARCH_USER_PATHS = NO;
				CLANG_ANALYZER_NONNULL = YES;
				CLANG_ANALYZER_NUMBER_OBJECT_CONVERSION = YES_AGGRESSIVE;
				CLANG_CXX_LANGUAGE_STANDARD = "gnu++14";
				CLANG_CXX_LIBRARY = "libc++";
				CLANG_ENABLE_MODULES = YES;
				CLANG_ENABLE_OBJC_ARC = YES;
				CLANG_ENABLE_OBJC_WEAK = YES;
				CLANG_WARN_BLOCK_CAPTURE_AUTORELEASING = YES;
				CLANG_WARN_BOOL_CONVERSION = YES;
				CLANG_WARN_COMMA = YES;
				CLANG_WARN_CONSTANT_CONVERSION = YES;
				CLANG_WARN_DEPRECATED_OBJC_IMPLEMENTATIONS = YES;
				CLANG_WARN_DIRECT_OBJC_ISA_USAGE = YES_ERROR;
				CLANG_WARN_DOCUMENTATION_COMMENTS = YES;
				CLANG_WARN_EMPTY_BODY = YES;
				CLANG_WARN_ENUM_CONVERSION = YES;
				CLANG_WARN_INFINITE_RECURSION = YES;
				CLANG_WARN_INT_CONVERSION = YES;
				CLANG_WARN_NON_LITERAL_NULL_CONVERSION = YES;
				CLANG_WARN_OBJC_IMPLICIT_RETAIN_SELF = YES;
				CLANG_WARN_OBJC_LITERAL_CONVERSION = YES;
				CLANG_WARN_OBJC_ROOT_CLASS = YES_ERROR;
				CLANG_WARN_QUOTED_INCLUDE_IN_FRAMEWORK_HEADER = YES;
				CLANG_WARN_RANGE_LOOP_ANALYSIS = YES;
				CLANG_WARN_STRICT_PROTOTYPES = YES;
				CLANG_WARN_SUSPICIOUS_MOVE = YES;
				CLANG_WARN_UNGUARDED_AVAILABILITY = YES_AGGRESSIVE;
				CLANG_WARN_UNREACHABLE_CODE = YES;
				CLANG_WARN__DUPLICATE_METHOD_MATCH = YES;
				COPY_PHASE_STRIP = NO;
				DEBUG_INFORMATION_FORMAT = "dwarf-with-dsym";
				ENABLE_NS_ASSERTIONS = NO;
				ENABLE_STRICT_OBJC_MSGSEND = YES;
				GCC_C_LANGUAGE_STANDARD = gnu11;
				GCC_NO_COMMON_BLOCKS = YES;
				GCC_WARN_64_TO_32_BIT_CONVERSION = YES;
				GCC_WARN_ABOUT_RETURN_TYPE = YES_ERROR;
				GCC_WARN_UNDECLARED_SELECTOR = YES;
				GCC_WARN_UNINITIALIZED_AUTOS = YES_AGGRESSIVE;
				GCC_WARN_UNUSED_FUNCTION = YES;
				GCC_WARN_UNUSED_VARIABLE = YES;
				IPHONEOS_DEPLOYMENT_TARGET = 15.0;
				MTL_ENABLE_DEBUG_INFO = NO;
				MTL_FAST_MATH = YES;
				SDKROOT = iphoneos;
				SWIFT_COMPILATION_MODE = wholemodule;
				SWIFT_OPTIMIZATION_LEVEL = "-O";
				VALIDATE_PRODUCT = YES;
			};
			name = Release;
		};
		13793ACE26A434FC00850371 /* Debug */ = {
			isa = XCBuildConfiguration;
			buildSettings = {
				ASSETCATALOG_COMPILER_APPICON_NAME = AppIcon;
				ASSETCATALOG_COMPILER_GLOBAL_ACCENT_COLOR_NAME = AccentColor;
				CODE_SIGN_STYLE = Automatic;
				CURRENT_PROJECT_VERSION = 1;
				DEVELOPMENT_TEAM = 8PL9W8F7GL;
				GENERATE_INFOPLIST_FILE = YES;
				INFOPLIST_FILE = "music app/Info.plist";
				INFOPLIST_KEY_CFBundleDisplayName = Bomm;
				INFOPLIST_KEY_CFBundleExecutable = "music app";
				INFOPLIST_KEY_CFBundleName = "music app";
				INFOPLIST_KEY_CFBundleVersion = 1;
				INFOPLIST_KEY_UIApplicationSupportsIndirectInputEvents = YES;
				INFOPLIST_KEY_UILaunchStoryboardName = LaunchScreen;
				INFOPLIST_KEY_UIMainStoryboardFile = Main;
				INFOPLIST_KEY_UISupportedInterfaceOrientations_iPad = "UIInterfaceOrientationPortrait UIInterfaceOrientationPortraitUpsideDown UIInterfaceOrientationLandscapeLeft UIInterfaceOrientationLandscapeRight";
				INFOPLIST_KEY_UISupportedInterfaceOrientations_iPhone = "UIInterfaceOrientationPortrait UIInterfaceOrientationLandscapeLeft UIInterfaceOrientationLandscapeRight";
				LD_RUNPATH_SEARCH_PATHS = (
					"$(inherited)",
					"@executable_path/Frameworks",
				);
				MARKETING_VERSION = 1.0;
				PRODUCT_BUNDLE_IDENTIFIER = "com.jess.music-app";
				PRODUCT_NAME = "$(TARGET_NAME)";
				SWIFT_EMIT_LOC_STRINGS = YES;
				SWIFT_VERSION = 5.0;
				TARGETED_DEVICE_FAMILY = "1,2";
			};
			name = Debug;
		};
		13793ACF26A434FC00850371 /* Release */ = {
			isa = XCBuildConfiguration;
			buildSettings = {
				ASSETCATALOG_COMPILER_APPICON_NAME = AppIcon;
				ASSETCATALOG_COMPILER_GLOBAL_ACCENT_COLOR_NAME = AccentColor;
				CODE_SIGN_STYLE = Automatic;
				CURRENT_PROJECT_VERSION = 1;
				DEVELOPMENT_TEAM = 8PL9W8F7GL;
				GENERATE_INFOPLIST_FILE = YES;
				INFOPLIST_FILE = "music app/Info.plist";
				INFOPLIST_KEY_CFBundleDisplayName = Bomm;
				INFOPLIST_KEY_CFBundleExecutable = "music app";
				INFOPLIST_KEY_CFBundleName = "music app";
				INFOPLIST_KEY_CFBundleVersion = 1;
				INFOPLIST_KEY_UIApplicationSupportsIndirectInputEvents = YES;
				INFOPLIST_KEY_UILaunchStoryboardName = LaunchScreen;
				INFOPLIST_KEY_UIMainStoryboardFile = Main;
				INFOPLIST_KEY_UISupportedInterfaceOrientations_iPad = "UIInterfaceOrientationPortrait UIInterfaceOrientationPortraitUpsideDown UIInterfaceOrientationLandscapeLeft UIInterfaceOrientationLandscapeRight";
				INFOPLIST_KEY_UISupportedInterfaceOrientations_iPhone = "UIInterfaceOrientationPortrait UIInterfaceOrientationLandscapeLeft UIInterfaceOrientationLandscapeRight";
				LD_RUNPATH_SEARCH_PATHS = (
					"$(inherited)",
					"@executable_path/Frameworks",
				);
				MARKETING_VERSION = 1.0;
				PRODUCT_BUNDLE_IDENTIFIER = "com.jess.music-app";
				PRODUCT_NAME = "$(TARGET_NAME)";
				SWIFT_EMIT_LOC_STRINGS = YES;
				SWIFT_VERSION = 5.0;
				TARGETED_DEVICE_FAMILY = "1,2";
			};
			name = Release;
		};
		13793AD126A434FC00850371 /* Debug */ = {
			isa = XCBuildConfiguration;
			buildSettings = {
				ALWAYS_EMBED_SWIFT_STANDARD_LIBRARIES = YES;
				BUNDLE_LOADER = "$(TEST_HOST)";
				CODE_SIGN_STYLE = Automatic;
				CURRENT_PROJECT_VERSION = 1;
				DEVELOPMENT_TEAM = 8PL9W8F7GL;
				GENERATE_INFOPLIST_FILE = YES;
				IPHONEOS_DEPLOYMENT_TARGET = 15.0;
				LD_RUNPATH_SEARCH_PATHS = (
					"$(inherited)",
					"@executable_path/Frameworks",
					"@loader_path/Frameworks",
				);
				MARKETING_VERSION = 1.0;
				PRODUCT_BUNDLE_IDENTIFIER = "com.jess.music-appTests";
				PRODUCT_NAME = "$(TARGET_NAME)";
				SWIFT_EMIT_LOC_STRINGS = NO;
				SWIFT_VERSION = 5.0;
				TARGETED_DEVICE_FAMILY = "1,2";
				TEST_HOST = "$(BUILT_PRODUCTS_DIR)/music app.app/music app";
			};
			name = Debug;
		};
		13793AD226A434FC00850371 /* Release */ = {
			isa = XCBuildConfiguration;
			buildSettings = {
				ALWAYS_EMBED_SWIFT_STANDARD_LIBRARIES = YES;
				BUNDLE_LOADER = "$(TEST_HOST)";
				CODE_SIGN_STYLE = Automatic;
				CURRENT_PROJECT_VERSION = 1;
				DEVELOPMENT_TEAM = 8PL9W8F7GL;
				GENERATE_INFOPLIST_FILE = YES;
				IPHONEOS_DEPLOYMENT_TARGET = 15.0;
				LD_RUNPATH_SEARCH_PATHS = (
					"$(inherited)",
					"@executable_path/Frameworks",
					"@loader_path/Frameworks",
				);
				MARKETING_VERSION = 1.0;
				PRODUCT_BUNDLE_IDENTIFIER = "com.jess.music-appTests";
				PRODUCT_NAME = "$(TARGET_NAME)";
				SWIFT_EMIT_LOC_STRINGS = NO;
				SWIFT_VERSION = 5.0;
				TARGETED_DEVICE_FAMILY = "1,2";
				TEST_HOST = "$(BUILT_PRODUCTS_DIR)/music app.app/music app";
			};
			name = Release;
		};
		13793AD426A434FC00850371 /* Debug */ = {
			isa = XCBuildConfiguration;
			buildSettings = {
				ALWAYS_EMBED_SWIFT_STANDARD_LIBRARIES = YES;
				CODE_SIGN_STYLE = Automatic;
				CURRENT_PROJECT_VERSION = 1;
				DEVELOPMENT_TEAM = 8PL9W8F7GL;
				GENERATE_INFOPLIST_FILE = YES;
				LD_RUNPATH_SEARCH_PATHS = (
					"$(inherited)",
					"@executable_path/Frameworks",
					"@loader_path/Frameworks",
				);
				MARKETING_VERSION = 1.0;
				PRODUCT_BUNDLE_IDENTIFIER = "com.jess.music-appUITests";
				PRODUCT_NAME = "$(TARGET_NAME)";
				SWIFT_EMIT_LOC_STRINGS = NO;
				SWIFT_VERSION = 5.0;
				TARGETED_DEVICE_FAMILY = "1,2";
				TEST_TARGET_NAME = "music app";
			};
			name = Debug;
		};
		13793AD526A434FC00850371 /* Release */ = {
			isa = XCBuildConfiguration;
			buildSettings = {
				ALWAYS_EMBED_SWIFT_STANDARD_LIBRARIES = YES;
				CODE_SIGN_STYLE = Automatic;
				CURRENT_PROJECT_VERSION = 1;
				DEVELOPMENT_TEAM = 8PL9W8F7GL;
				GENERATE_INFOPLIST_FILE = YES;
				LD_RUNPATH_SEARCH_PATHS = (
					"$(inherited)",
					"@executable_path/Frameworks",
					"@loader_path/Frameworks",
				);
				MARKETING_VERSION = 1.0;
				PRODUCT_BUNDLE_IDENTIFIER = "com.jess.music-appUITests";
				PRODUCT_NAME = "$(TARGET_NAME)";
				SWIFT_EMIT_LOC_STRINGS = NO;
				SWIFT_VERSION = 5.0;
				TARGETED_DEVICE_FAMILY = "1,2";
				TEST_TARGET_NAME = "music app";
			};
			name = Release;
		};
/* End XCBuildConfiguration section */

/* Begin XCConfigurationList section */
		13793AA026A434F800850371 /* Build configuration list for PBXProject "music app" */ = {
			isa = XCConfigurationList;
			buildConfigurations = (
				13793ACB26A434FC00850371 /* Debug */,
				13793ACC26A434FC00850371 /* Release */,
			);
			defaultConfigurationIsVisible = 0;
			defaultConfigurationName = Release;
		};
		13793ACD26A434FC00850371 /* Build configuration list for PBXNativeTarget "music app" */ = {
			isa = XCConfigurationList;
			buildConfigurations = (
				13793ACE26A434FC00850371 /* Debug */,
				13793ACF26A434FC00850371 /* Release */,
			);
			defaultConfigurationIsVisible = 0;
			defaultConfigurationName = Release;
		};
		13793AD026A434FC00850371 /* Build configuration list for PBXNativeTarget "music appTests" */ = {
			isa = XCConfigurationList;
			buildConfigurations = (
				13793AD126A434FC00850371 /* Debug */,
				13793AD226A434FC00850371 /* Release */,
			);
			defaultConfigurationIsVisible = 0;
			defaultConfigurationName = Release;
		};
		13793AD326A434FC00850371 /* Build configuration list for PBXNativeTarget "music appUITests" */ = {
			isa = XCConfigurationList;
			buildConfigurations = (
				13793AD426A434FC00850371 /* Debug */,
				13793AD526A434FC00850371 /* Release */,
			);
			defaultConfigurationIsVisible = 0;
			defaultConfigurationName = Release;
		};
/* End XCConfigurationList section */
	};
	rootObject = 13793A9D26A434F800850371 /* Project object */;
}
